
Microsoft Visual Studio Solution File, Format Version 12.00
# Visual Studio Version 16
VisualStudioVersion = 16.0.29709.97
MinimumVisualStudioVersion = 10.0.40219.1
Project("{FAE04EC0-301F-11D3-BF4B-00C04F79EFBC}") = "Ex3ProxyDriveAndTestAuto", "Ex3ProxyDriveAndTestAuto\Ex3ProxyDriveAndTestAuto.csproj", "{DFDC2869-A5FF-4DC9-95B5-924B19C29D0E}"
EndProject
Global
	GlobalSection(SolutionConfigurationPlatforms) = preSolution
		Debug|Any CPU = Debug|Any CPU
		Release|Any CPU = Release|Any CPU
	EndGlobalSection
	GlobalSection(ProjectConfigurationPlatforms) = postSolution
		{DFDC2869-A5FF-4DC9-95B5-924B19C29D0E}.Debug|Any CPU.ActiveCfg = Debug|Any CPU
		{DFDC2869-A5FF-4DC9-95B5-924B19C29D0E}.Debug|Any CPU.Build.0 = Debug|Any CPU
		{DFDC2869-A5FF-4DC9-95B5-924B19C29D0E}.Release|Any CPU.ActiveCfg = Release|Any CPU
		{DFDC2869-A5FF-4DC9-95B5-924B19C29D0E}.Release|Any CPU.Build.0 = Release|Any CPU
	EndGlobalSection
	GlobalSection(SolutionProperties) = preSolution
		HideSolutionNode = FALSE
	EndGlobalSection
	GlobalSection(ExtensibilityGlobals) = postSolution
		SolutionGuid = {2EDED672-A85C-4D6A-B709-A6C7AA1EF7F7}
	EndGlobalSection
EndGlobal
